
Microsoft Visual Studio Solution File, Format Version 12.00
# Visual Studio 15
VisualStudioVersion = 15.0.28307.1169
MinimumVisualStudioVersion = 10.0.40219.1
Project("{FAE04EC0-301F-11D3-BF4B-00C04F79EFBC}") = "AspNetWebApiTest", "AspNetWebApiTest\AspNetWebApiTest.csproj", "{98F75F4A-22F5-45F3-8A34-B78CCC660740}"
EndProject
Global
	GlobalSection(SolutionConfigurationPlatforms) = preSolution
		Debug|Any CPU = Debug|Any CPU
		Release|Any CPU = Release|Any CPU
	EndGlobalSection
	GlobalSection(ProjectConfigurationPlatforms) = postSolution
		{98F75F4A-22F5-45F3-8A34-B78CCC660740}.Debug|Any CPU.ActiveCfg = Debug|Any CPU
		{98F75F4A-22F5-45F3-8A34-B78CCC660740}.Debug|Any CPU.Build.0 = Debug|Any CPU
		{98F75F4A-22F5-45F3-8A34-B78CCC660740}.Release|Any CPU.ActiveCfg = Release|Any CPU
		{98F75F4A-22F5-45F3-8A34-B78CCC660740}.Release|Any CPU.Build.0 = Release|Any CPU
	EndGlobalSection
	GlobalSection(SolutionProperties) = preSolution
		HideSolutionNode = FALSE
	EndGlobalSection
	GlobalSection(ExtensibilityGlobals) = postSolution
		SolutionGuid = {99A9F169-6F77-46EF-877F-378A4012907A}
	EndGlobalSection
EndGlobal
